
Microsoft Visual Studio Solution File, Format Version 12.00
# Visual Studio 2013
VisualStudioVersion = 12.0.40629.0
MinimumVisualStudioVersion = 10.0.40219.1
Project("{FAE04EC0-301F-11D3-BF4B-00C04F79EFBC}") = "Inheritance", "Inheritance\Inheritance.csproj", "{937CA1F0-17C1-46E8-A99E-BF9839B2D86F}"
EndProject
Project("{FAE04EC0-301F-11D3-BF4B-00C04F79EFBC}") = "ClassLibrary1", "ClassLibrary1\ClassLibrary1.csproj", "{D6521E38-A2DC-4B35-837A-C35E1F59285E}"
EndProject
Global
	GlobalSection(SolutionConfigurationPlatforms) = preSolution
		Debug|Any CPU = Debug|Any CPU
		Release|Any CPU = Release|Any CPU
	EndGlobalSection
	GlobalSection(ProjectConfigurationPlatforms) = postSolution
		{937CA1F0-17C1-46E8-A99E-BF9839B2D86F}.Debug|Any CPU.ActiveCfg = Debug|Any CPU
		{937CA1F0-17C1-46E8-A99E-BF9839B2D86F}.Debug|Any CPU.Build.0 = Debug|Any CPU
		{937CA1F0-17C1-46E8-A99E-BF9839B2D86F}.Release|Any CPU.ActiveCfg = Release|Any CPU
		{937CA1F0-17C1-46E8-A99E-BF9839B2D86F}.Release|Any CPU.Build.0 = Release|Any CPU
		{D6521E38-A2DC-4B35-837A-C35E1F59285E}.Debug|Any CPU.ActiveCfg = Debug|Any CPU
		{D6521E38-A2DC-4B35-837A-C35E1F59285E}.Debug|Any CPU.Build.0 = Debug|Any CPU
		{D6521E38-A2DC-4B35-837A-C35E1F59285E}.Release|Any CPU.ActiveCfg = Release|Any CPU
		{D6521E38-A2DC-4B35-837A-C35E1F59285E}.Release|Any CPU.Build.0 = Release|Any CPU
	EndGlobalSection
	GlobalSection(SolutionProperties) = preSolution
		HideSolutionNode = FALSE
	EndGlobalSection
EndGlobal
